// !$*UTF8*$!
{
	archiveVersion = 1;
	classes = {
	};
	objectVersion = 46;
	objects = {

/* Begin PBXBuildFile section */
		3D0026F91C572CBA001A9B22 /* User.m in Sources */ = {isa = PBXBuildFile; fileRef = 3D0026F81C572CBA001A9B22 /* User.m */; settings = {ASSET_TAGS = (); }; };
		3D0027041C573146001A9B22 /* VPImageCropperViewController.m in Sources */ = {isa = PBXBuildFile; fileRef = 3D0027031C573146001A9B22 /* VPImageCropperViewController.m */; settings = {ASSET_TAGS = (); }; };
		3D00270B1C5735B5001A9B22 /* BaseVC.m in Sources */ = {isa = PBXBuildFile; fileRef = 3D0027081C5735B5001A9B22 /* BaseVC.m */; settings = {ASSET_TAGS = (); }; };
		3D00270C1C5735B5001A9B22 /* MainViewController.m in Sources */ = {isa = PBXBuildFile; fileRef = 3D00270A1C5735B5001A9B22 /* MainViewController.m */; settings = {ASSET_TAGS = (); }; };
		3D0027131C5739F9001A9B22 /* PlistReader.m in Sources */ = {isa = PBXBuildFile; fileRef = 3D0027121C5739F9001A9B22 /* PlistReader.m */; settings = {ASSET_TAGS = (); }; };
		3D34B5D31C57DC6C00A258DE /* FirstViewController.m in Sources */ = {isa = PBXBuildFile; fileRef = 3D34B5D21C57DC6C00A258DE /* FirstViewController.m */; settings = {ASSET_TAGS = (); }; };
		3D34B5D61C57DC8600A258DE /* ThirdViewController.m in Sources */ = {isa = PBXBuildFile; fileRef = 3D34B5D51C57DC8600A258DE /* ThirdViewController.m */; settings = {ASSET_TAGS = (); }; };
		3D34B5D91C57DC9300A258DE /* SecondViewController.m in Sources */ = {isa = PBXBuildFile; fileRef = 3D34B5D81C57DC9200A258DE /* SecondViewController.m */; settings = {ASSET_TAGS = (); }; };
		3D4CC8F01C577BCC0091C96D /* MobileCoreServices.framework in Frameworks */ = {isa = PBXBuildFile; fileRef = 3D4CC8EF1C577BCC0091C96D /* MobileCoreServices.framework */; };
		3D4CC8F51C5789A70091C96D /* NetWorker.m in Sources */ = {isa = PBXBuildFile; fileRef = 3D4CC8F41C5789A70091C96D /* NetWorker.m */; settings = {ASSET_TAGS = (); }; };
		3D4CC8F81C5794D70091C96D /* ColorTool.m in Sources */ = {isa = PBXBuildFile; fileRef = 3D4CC8F71C5794D70091C96D /* ColorTool.m */; settings = {ASSET_TAGS = (); }; };
		3D4CC8FB1C5799780091C96D /* ImageTool.m in Sources */ = {isa = PBXBuildFile; fileRef = 3D4CC8FA1C5799780091C96D /* ImageTool.m */; settings = {ASSET_TAGS = (); }; };
		3D4FEFB91C61B0430066E28D /* TestRetainCycle.m in Sources */ = {isa = PBXBuildFile; fileRef = 3D4FEFB81C61B0430066E28D /* TestRetainCycle.m */; settings = {ASSET_TAGS = (); }; };
		3D4FEFC01C620DED0066E28D /* NSArray+Dealloc.m in Sources */ = {isa = PBXBuildFile; fileRef = 3D4FEFBF1C620DED0066E28D /* NSArray+Dealloc.m */; settings = {ASSET_TAGS = (); }; };
		3D4FEFC81C6A2EE80066E28D /* LeftMenuViewController.m in Sources */ = {isa = PBXBuildFile; fileRef = 3D4FEFC31C6A2EE80066E28D /* LeftMenuViewController.m */; settings = {ASSET_TAGS = (); }; };
		3D4FEFC91C6A2EE80066E28D /* DrawerStylers.m in Sources */ = {isa = PBXBuildFile; fileRef = 3D4FEFC51C6A2EE80066E28D /* DrawerStylers.m */; settings = {ASSET_TAGS = (); }; };
		3D4FEFCA1C6A2EE80066E28D /* DrawerViewController.m in Sources */ = {isa = PBXBuildFile; fileRef = 3D4FEFC71C6A2EE80066E28D /* DrawerViewController.m */; settings = {ASSET_TAGS = (); }; };
		3D4FEFD41C6A2F4D0066E28D /* LeftMenuTableViewHeader.m in Sources */ = {isa = PBXBuildFile; fileRef = 3D4FEFCD1C6A2F4D0066E28D /* LeftMenuTableViewHeader.m */; settings = {ASSET_TAGS = (); }; };
		3D4FEFD51C6A2F4D0066E28D /* LeftMenuTableViewFooter.m in Sources */ = {isa = PBXBuildFile; fileRef = 3D4FEFCF1C6A2F4D0066E28D /* LeftMenuTableViewFooter.m */; settings = {ASSET_TAGS = (); }; };
		3D4FEFD61C6A2F4D0066E28D /* LeftMenuTableViewCell.m in Sources */ = {isa = PBXBuildFile; fileRef = 3D4FEFD11C6A2F4D0066E28D /* LeftMenuTableViewCell.m */; settings = {ASSET_TAGS = (); }; };
		3D4FEFD71C6A2F4D0066E28D /* LeftMenu.m in Sources */ = {isa = PBXBuildFile; fileRef = 3D4FEFD31C6A2F4D0066E28D /* LeftMenu.m */; settings = {ASSET_TAGS = (); }; };
		3D4FEFDB1C6A344A0066E28D /* IWNavigationController.m in Sources */ = {isa = PBXBuildFile; fileRef = 3D4FEFDA1C6A344A0066E28D /* IWNavigationController.m */; settings = {ASSET_TAGS = (); }; };
		3D4FEFDF1C6BAFF10066E28D /* ViewController1.m in Sources */ = {isa = PBXBuildFile; fileRef = 3D4FEFDE1C6BAFF10066E28D /* ViewController1.m */; settings = {ASSET_TAGS = (); }; };
		3D4FEFE21C6BB2AD0066E28D /* ViewController2.m in Sources */ = {isa = PBXBuildFile; fileRef = 3D4FEFE11C6BB2AD0066E28D /* ViewController2.m */; settings = {ASSET_TAGS = (); }; };
		3D4FEFE51C6BB2BF0066E28D /* ViewController3.m in Sources */ = {isa = PBXBuildFile; fileRef = 3D4FEFE41C6BB2BF0066E28D /* ViewController3.m */; settings = {ASSET_TAGS = (); }; };
		3D4FEFE81C6BB2CE0066E28D /* ViewController4.m in Sources */ = {isa = PBXBuildFile; fileRef = 3D4FEFE71C6BB2CE0066E28D /* ViewController4.m */; settings = {ASSET_TAGS = (); }; };
		3D4FEFEB1C6BB2DE0066E28D /* ViewController5.m in Sources */ = {isa = PBXBuildFile; fileRef = 3D4FEFEA1C6BB2DE0066E28D /* ViewController5.m */; settings = {ASSET_TAGS = (); }; };
		3D4FEFEE1C6BB2F60066E28D /* ViewController6.m in Sources */ = {isa = PBXBuildFile; fileRef = 3D4FEFED1C6BB2F60066E28D /* ViewController6.m */; settings = {ASSET_TAGS = (); }; };
		3D4FEFF11C6BB3070066E28D /* ViewController7.m in Sources */ = {isa = PBXBuildFile; fileRef = 3D4FEFF01C6BB3070066E28D /* ViewController7.m */; settings = {ASSET_TAGS = (); }; };
		3D4FEFF41C6BB31C0066E28D /* ViewController8.m in Sources */ = {isa = PBXBuildFile; fileRef = 3D4FEFF31C6BB31C0066E28D /* ViewController8.m */; settings = {ASSET_TAGS = (); }; };
		3D4FEFF71C6BB33A0066E28D /* ViewController9.m in Sources */ = {isa = PBXBuildFile; fileRef = 3D4FEFF61C6BB33A0066E28D /* ViewController9.m */; settings = {ASSET_TAGS = (); }; };
		3D61A4C31C57581000AFD3D3 /* MangerUser.m in Sources */ = {isa = PBXBuildFile; fileRef = 3D61A4C21C57581000AFD3D3 /* MangerUser.m */; settings = {ASSET_TAGS = (); }; };
		3D6DB79D1C570FBE0036B849 /* main.m in Sources */ = {isa = PBXBuildFile; fileRef = 3D6DB79C1C570FBE0036B849 /* main.m */; };
		3D6DB7A01C570FBE0036B849 /* AppDelegate.m in Sources */ = {isa = PBXBuildFile; fileRef = 3D6DB79F1C570FBE0036B849 /* AppDelegate.m */; };
		3D6DB7A31C570FBE0036B849 /* ViewController.m in Sources */ = {isa = PBXBuildFile; fileRef = 3D6DB7A21C570FBE0036B849 /* ViewController.m */; };
		3D6DB7A61C570FBE0036B849 /* Main.storyboard in Resources */ = {isa = PBXBuildFile; fileRef = 3D6DB7A41C570FBE0036B849 /* Main.storyboard */; };
		3D6DB7A91C570FBE0036B849 /* demos.xcdatamodeld in Sources */ = {isa = PBXBuildFile; fileRef = 3D6DB7A71C570FBE0036B849 /* demos.xcdatamodeld */; };
		3D6DB7AB1C570FBE0036B849 /* Assets.xcassets in Resources */ = {isa = PBXBuildFile; fileRef = 3D6DB7AA1C570FBE0036B849 /* Assets.xcassets */; };
		3D6DB7AE1C570FBE0036B849 /* LaunchScreen.storyboard in Resources */ = {isa = PBXBuildFile; fileRef = 3D6DB7AC1C570FBE0036B849 /* LaunchScreen.storyboard */; };
		3D6DB7B91C570FBE0036B849 /* demosTests.m in Sources */ = {isa = PBXBuildFile; fileRef = 3D6DB7B81C570FBE0036B849 /* demosTests.m */; };
		3D6DB7C41C570FBE0036B849 /* demosUITests.m in Sources */ = {isa = PBXBuildFile; fileRef = 3D6DB7C31C570FBE0036B849 /* demosUITests.m */; };
		3D6DB7D51C5713990036B849 /* list.plist in Resources */ = {isa = PBXBuildFile; fileRef = 3D6DB7D41C5713990036B849 /* list.plist */; settings = {ASSET_TAGS = (); }; };
		3D7973E81C6F73F000C37CDC /* NSString+Times.m in Sources */ = {isa = PBXBuildFile; fileRef = 3D7973E71C6F73F000C37CDC /* NSString+Times.m */; settings = {ASSET_TAGS = (); }; };
		3D7973F11C6F74A300C37CDC /* TOPdata.m in Sources */ = {isa = PBXBuildFile; fileRef = 3D7973EC1C6F74A300C37CDC /* TOPdata.m */; settings = {ASSET_TAGS = (); }; };
		3D7973F21C6F74A300C37CDC /* NewShowData.m in Sources */ = {isa = PBXBuildFile; fileRef = 3D7973EE1C6F74A300C37CDC /* NewShowData.m */; settings = {ASSET_TAGS = (); }; };
		3D7973F31C6F74A300C37CDC /* ChanelData.m in Sources */ = {isa = PBXBuildFile; fileRef = 3D7973F01C6F74A300C37CDC /* ChanelData.m */; settings = {ASSET_TAGS = (); }; };
		CD8E4B0BA120844FDB7BE564 /* libPods.a in Frameworks */ = {isa = PBXBuildFile; fileRef = DFB3AAA80122462477326EF8 /* libPods.a */; };
/* End PBXBuildFile section */

/* Begin PBXContainerItemProxy section */
		3D6DB7B51C570FBE0036B849 /* PBXContainerItemProxy */ = {
			isa = PBXContainerItemProxy;
			containerPortal = 3D6DB7901C570FBE0036B849 /* Project object */;
			proxyType = 1;
			remoteGlobalIDString = 3D6DB7971C570FBE0036B849;
			remoteInfo = demos;
		};
		3D6DB7C01C570FBE0036B849 /* PBXContainerItemProxy */ = {
			isa = PBXContainerItemProxy;
			containerPortal = 3D6DB7901C570FBE0036B849 /* Project object */;
			proxyType = 1;
			remoteGlobalIDString = 3D6DB7971C570FBE0036B849;
			remoteInfo = demos;
		};
/* End PBXContainerItemProxy section */

/* Begin PBXFileReference section */
		03613AA65C225EA568188C65 /* Pods.release.xcconfig */ = {isa = PBXFileReference; includeInIndex = 1; lastKnownFileType = text.xcconfig; name = Pods.release.xcconfig; path = "Pods/Target Support Files/Pods/Pods.release.xcconfig"; sourceTree = "<group>"; };
		3D0026F51C572960001A9B22 /* APIConstant.h */ = {isa = PBXFileReference; lastKnownFileType = sourcecode.c.h; path = APIConstant.h; sourceTree = "<group>"; };
		3D0026F71C572CBA001A9B22 /* User.h */ = {isa = PBXFileReference; fileEncoding = 4; lastKnownFileType = sourcecode.c.h; path = User.h; sourceTree = "<group>"; };
		3D0026F81C572CBA001A9B22 /* User.m */ = {isa = PBXFileReference; fileEncoding = 4; lastKnownFileType = sourcecode.c.objc; path = User.m; sourceTree = "<group>"; };
		3D0027021C573146001A9B22 /* VPImageCropperViewController.h */ = {isa = PBXFileReference; fileEncoding = 4; lastKnownFileType = sourcecode.c.h; path = VPImageCropperViewController.h; sourceTree = "<group>"; };
		3D0027031C573146001A9B22 /* VPImageCropperViewController.m */ = {isa = PBXFileReference; fileEncoding = 4; lastKnownFileType = sourcecode.c.objc; path = VPImageCropperViewController.m; sourceTree = "<group>"; };
		3D0027071C5735B5001A9B22 /* BaseVC.h */ = {isa = PBXFileReference; fileEncoding = 4; lastKnownFileType = sourcecode.c.h; path = BaseVC.h; sourceTree = "<group>"; };
		3D0027081C5735B5001A9B22 /* BaseVC.m */ = {isa = PBXFileReference; fileEncoding = 4; lastKnownFileType = sourcecode.c.objc; path = BaseVC.m; sourceTree = "<group>"; };
		3D0027091C5735B5001A9B22 /* MainViewController.h */ = {isa = PBXFileReference; fileEncoding = 4; lastKnownFileType = sourcecode.c.h; path = MainViewController.h; sourceTree = "<group>"; };
		3D00270A1C5735B5001A9B22 /* MainViewController.m */ = {isa = PBXFileReference; fileEncoding = 4; lastKnownFileType = sourcecode.c.objc; path = MainViewController.m; sourceTree = "<group>"; };
		3D00270E1C57390B001A9B22 /* MSDynamicsTransDelegate.h */ = {isa = PBXFileReference; fileEncoding = 4; lastKnownFileType = sourcecode.c.h; path = MSDynamicsTransDelegate.h; sourceTree = "<group>"; };
		3D00270F1C57390B001A9B22 /* VPImageCropperDelegate.h */ = {isa = PBXFileReference; fileEncoding = 4; lastKnownFileType = sourcecode.c.h; path = VPImageCropperDelegate.h; sourceTree = "<group>"; };
		3D0027111C5739F9001A9B22 /* PlistReader.h */ = {isa = PBXFileReference; fileEncoding = 4; lastKnownFileType = sourcecode.c.h; path = PlistReader.h; sourceTree = "<group>"; };
		3D0027121C5739F9001A9B22 /* PlistReader.m */ = {isa = PBXFileReference; fileEncoding = 4; lastKnownFileType = sourcecode.c.objc; path = PlistReader.m; sourceTree = "<group>"; };
		3D34B5D11C57DC6C00A258DE /* FirstViewController.h */ = {isa = PBXFileReference; fileEncoding = 4; lastKnownFileType = sourcecode.c.h; path = FirstViewController.h; sourceTree = "<group>"; };
		3D34B5D21C57DC6C00A258DE /* FirstViewController.m */ = {isa = PBXFileReference; fileEncoding = 4; lastKnownFileType = sourcecode.c.objc; path = FirstViewController.m; sourceTree = "<group>"; };
		3D34B5D41C57DC8600A258DE /* ThirdViewController.h */ = {isa = PBXFileReference; fileEncoding = 4; lastKnownFileType = sourcecode.c.h; path = ThirdViewController.h; sourceTree = "<group>"; };
		3D34B5D51C57DC8600A258DE /* ThirdViewController.m */ = {isa = PBXFileReference; fileEncoding = 4; lastKnownFileType = sourcecode.c.objc; path = ThirdViewController.m; sourceTree = "<group>"; };
		3D34B5D71C57DC9200A258DE /* SecondViewController.h */ = {isa = PBXFileReference; fileEncoding = 4; lastKnownFileType = sourcecode.c.h; path = SecondViewController.h; sourceTree = "<group>"; };
		3D34B5D81C57DC9200A258DE /* SecondViewController.m */ = {isa = PBXFileReference; fileEncoding = 4; lastKnownFileType = sourcecode.c.objc; path = SecondViewController.m; sourceTree = "<group>"; };
		3D4CC8EF1C577BCC0091C96D /* MobileCoreServices.framework */ = {isa = PBXFileReference; lastKnownFileType = wrapper.framework; name = MobileCoreServices.framework; path = System/Library/Frameworks/MobileCoreServices.framework; sourceTree = SDKROOT; };
		3D4CC8F31C5789A70091C96D /* NetWorker.h */ = {isa = PBXFileReference; fileEncoding = 4; lastKnownFileType = sourcecode.c.h; path = NetWorker.h; sourceTree = "<group>"; };
		3D4CC8F41C5789A70091C96D /* NetWorker.m */ = {isa = PBXFileReference; fileEncoding = 4; lastKnownFileType = sourcecode.c.objc; path = NetWorker.m; sourceTree = "<group>"; };
		3D4CC8F61C5794D70091C96D /* ColorTool.h */ = {isa = PBXFileReference; fileEncoding = 4; lastKnownFileType = sourcecode.c.h; path = ColorTool.h; sourceTree = "<group>"; };
		3D4CC8F71C5794D70091C96D /* ColorTool.m */ = {isa = PBXFileReference; fileEncoding = 4; lastKnownFileType = sourcecode.c.objc; path = ColorTool.m; sourceTree = "<group>"; };
		3D4CC8F91C5799780091C96D /* ImageTool.h */ = {isa = PBXFileReference; fileEncoding = 4; lastKnownFileType = sourcecode.c.h; path = ImageTool.h; sourceTree = "<group>"; };
		3D4CC8FA1C5799780091C96D /* ImageTool.m */ = {isa = PBXFileReference; fileEncoding = 4; lastKnownFileType = sourcecode.c.objc; path = ImageTool.m; sourceTree = "<group>"; };
		3D4FEFB71C61B0430066E28D /* TestRetainCycle.h */ = {isa = PBXFileReference; fileEncoding = 4; lastKnownFileType = sourcecode.c.h; path = TestRetainCycle.h; sourceTree = "<group>"; };
		3D4FEFB81C61B0430066E28D /* TestRetainCycle.m */ = {isa = PBXFileReference; fileEncoding = 4; lastKnownFileType = sourcecode.c.objc; path = TestRetainCycle.m; sourceTree = "<group>"; };
		3D4FEFBE1C620DED0066E28D /* NSArray+Dealloc.h */ = {isa = PBXFileReference; fileEncoding = 4; lastKnownFileType = sourcecode.c.h; path = "NSArray+Dealloc.h"; sourceTree = "<group>"; };
		3D4FEFBF1C620DED0066E28D /* NSArray+Dealloc.m */ = {isa = PBXFileReference; fileEncoding = 4; lastKnownFileType = sourcecode.c.objc; path = "NSArray+Dealloc.m"; sourceTree = "<group>"; };
		3D4FEFC21C6A2EE80066E28D /* LeftMenuViewController.h */ = {isa = PBXFileReference; fileEncoding = 4; lastKnownFileType = sourcecode.c.h; path = LeftMenuViewController.h; sourceTree = "<group>"; };
		3D4FEFC31C6A2EE80066E28D /* LeftMenuViewController.m */ = {isa = PBXFileReference; fileEncoding = 4; lastKnownFileType = sourcecode.c.objc; path = LeftMenuViewController.m; sourceTree = "<group>"; };
		3D4FEFC41C6A2EE80066E28D /* DrawerStylers.h */ = {isa = PBXFileReference; fileEncoding = 4; lastKnownFileType = sourcecode.c.h; path = DrawerStylers.h; sourceTree = "<group>"; };
		3D4FEFC51C6A2EE80066E28D /* DrawerStylers.m */ = {isa = PBXFileReference; fileEncoding = 4; lastKnownFileType = sourcecode.c.objc; path = DrawerStylers.m; sourceTree = "<group>"; };
		3D4FEFC61C6A2EE80066E28D /* DrawerViewController.h */ = {isa = PBXFileReference; fileEncoding = 4; lastKnownFileType = sourcecode.c.h; path = DrawerViewController.h; sourceTree = "<group>"; };
		3D4FEFC71C6A2EE80066E28D /* DrawerViewController.m */ = {isa = PBXFileReference; fileEncoding = 4; lastKnownFileType = sourcecode.c.objc; path = DrawerViewController.m; sourceTree = "<group>"; };
		3D4FEFCC1C6A2F4D0066E28D /* LeftMenuTableViewHeader.h */ = {isa = PBXFileReference; fileEncoding = 4; lastKnownFileType = sourcecode.c.h; path = LeftMenuTableViewHeader.h; sourceTree = "<group>"; };
		3D4FEFCD1C6A2F4D0066E28D /* LeftMenuTableViewHeader.m */ = {isa = PBXFileReference; fileEncoding = 4; lastKnownFileType = sourcecode.c.objc; path = LeftMenuTableViewHeader.m; sourceTree = "<group>"; };
		3D4FEFCE1C6A2F4D0066E28D /* LeftMenuTableViewFooter.h */ = {isa = PBXFileReference; fileEncoding = 4; lastKnownFileType = sourcecode.c.h; path = LeftMenuTableViewFooter.h; sourceTree = "<group>"; };
		3D4FEFCF1C6A2F4D0066E28D /* LeftMenuTableViewFooter.m */ = {isa = PBXFileReference; fileEncoding = 4; lastKnownFileType = sourcecode.c.objc; path = LeftMenuTableViewFooter.m; sourceTree = "<group>"; };
		3D4FEFD01C6A2F4D0066E28D /* LeftMenuTableViewCell.h */ = {isa = PBXFileReference; fileEncoding = 4; lastKnownFileType = sourcecode.c.h; path = LeftMenuTableViewCell.h; sourceTree = "<group>"; };
		3D4FEFD11C6A2F4D0066E28D /* LeftMenuTableViewCell.m */ = {isa = PBXFileReference; fileEncoding = 4; lastKnownFileType = sourcecode.c.objc; path = LeftMenuTableViewCell.m; sourceTree = "<group>"; };
		3D4FEFD21C6A2F4D0066E28D /* LeftMenu.h */ = {isa = PBXFileReference; fileEncoding = 4; lastKnownFileType = sourcecode.c.h; path = LeftMenu.h; sourceTree = "<group>"; };
		3D4FEFD31C6A2F4D0066E28D /* LeftMenu.m */ = {isa = PBXFileReference; fileEncoding = 4; lastKnownFileType = sourcecode.c.objc; path = LeftMenu.m; sourceTree = "<group>"; };
		3D4FEFD91C6A344A0066E28D /* IWNavigationController.h */ = {isa = PBXFileReference; fileEncoding = 4; lastKnownFileType = sourcecode.c.h; path = IWNavigationController.h; sourceTree = "<group>"; };
		3D4FEFDA1C6A344A0066E28D /* IWNavigationController.m */ = {isa = PBXFileReference; fileEncoding = 4; lastKnownFileType = sourcecode.c.objc; path = IWNavigationController.m; sourceTree = "<group>"; };
		3D4FEFDD1C6BAFF10066E28D /* ViewController1.h */ = {isa = PBXFileReference; fileEncoding = 4; lastKnownFileType = sourcecode.c.h; path = ViewController1.h; sourceTree = "<group>"; };
		3D4FEFDE1C6BAFF10066E28D /* ViewController1.m */ = {isa = PBXFileReference; fileEncoding = 4; lastKnownFileType = sourcecode.c.objc; path = ViewController1.m; sourceTree = "<group>"; };
		3D4FEFE01C6BB2AD0066E28D /* ViewController2.h */ = {isa = PBXFileReference; fileEncoding = 4; lastKnownFileType = sourcecode.c.h; path = ViewController2.h; sourceTree = "<group>"; };
		3D4FEFE11C6BB2AD0066E28D /* ViewController2.m */ = {isa = PBXFileReference; fileEncoding = 4; lastKnownFileType = sourcecode.c.objc; path = ViewController2.m; sourceTree = "<group>"; };
		3D4FEFE31C6BB2BF0066E28D /* ViewController3.h */ = {isa = PBXFileReference; fileEncoding = 4; lastKnownFileType = sourcecode.c.h; path = ViewController3.h; sourceTree = "<group>"; };
		3D4FEFE41C6BB2BF0066E28D /* ViewController3.m */ = {isa = PBXFileReference; fileEncoding = 4; lastKnownFileType = sourcecode.c.objc; path = ViewController3.m; sourceTree = "<group>"; };
		3D4FEFE61C6BB2CE0066E28D /* ViewController4.h */ = {isa = PBXFileReference; fileEncoding = 4; lastKnownFileType = sourcecode.c.h; path = ViewController4.h; sourceTree = "<group>"; };
		3D4FEFE71C6BB2CE0066E28D /* ViewController4.m */ = {isa = PBXFileReference; fileEncoding = 4; lastKnownFileType = sourcecode.c.objc; path = ViewController4.m; sourceTree = "<group>"; };
		3D4FEFE91C6BB2DE0066E28D /* ViewController5.h */ = {isa = PBXFileReference; fileEncoding = 4; lastKnownFileType = sourcecode.c.h; path = ViewController5.h; sourceTree = "<group>"; };
		3D4FEFEA1C6BB2DE0066E28D /* ViewController5.m */ = {isa = PBXFileReference; fileEncoding = 4; lastKnownFileType = sourcecode.c.objc; path = ViewController5.m; sourceTree = "<group>"; };
		3D4FEFEC1C6BB2F60066E28D /* ViewController6.h */ = {isa = PBXFileReference; fileEncoding = 4; lastKnownFileType = sourcecode.c.h; path = ViewController6.h; sourceTree = "<group>"; };
		3D4FEFED1C6BB2F60066E28D /* ViewController6.m */ = {isa = PBXFileReference; fileEncoding = 4; lastKnownFileType = sourcecode.c.objc; path = ViewController6.m; sourceTree = "<group>"; };
		3D4FEFEF1C6BB3070066E28D /* ViewController7.h */ = {isa = PBXFileReference; fileEncoding = 4; lastKnownFileType = sourcecode.c.h; path = ViewController7.h; sourceTree = "<group>"; };
		3D4FEFF01C6BB3070066E28D /* ViewController7.m */ = {isa = PBXFileReference; fileEncoding = 4; lastKnownFileType = sourcecode.c.objc; path = ViewController7.m; sourceTree = "<group>"; };
		3D4FEFF21C6BB31C0066E28D /* ViewController8.h */ = {isa = PBXFileReference; fileEncoding = 4; lastKnownFileType = sourcecode.c.h; path = ViewController8.h; sourceTree = "<group>"; };
		3D4FEFF31C6BB31C0066E28D /* ViewController8.m */ = {isa = PBXFileReference; fileEncoding = 4; lastKnownFileType = sourcecode.c.objc; path = ViewController8.m; sourceTree = "<group>"; };
		3D4FEFF51C6BB33A0066E28D /* ViewController9.h */ = {isa = PBXFileReference; fileEncoding = 4; lastKnownFileType = sourcecode.c.h; path = ViewController9.h; sourceTree = "<group>"; };
		3D4FEFF61C6BB33A0066E28D /* ViewController9.m */ = {isa = PBXFileReference; fileEncoding = 4; lastKnownFileType = sourcecode.c.objc; path = ViewController9.m; sourceTree = "<group>"; };
		3D61A4C11C57581000AFD3D3 /* MangerUser.h */ = {isa = PBXFileReference; fileEncoding = 4; lastKnownFileType = sourcecode.c.h; path = MangerUser.h; sourceTree = "<group>"; };
		3D61A4C21C57581000AFD3D3 /* MangerUser.m */ = {isa = PBXFileReference; fileEncoding = 4; lastKnownFileType = sourcecode.c.objc; path = MangerUser.m; sourceTree = "<group>"; };
		3D6DB7981C570FBE0036B849 /* demos.app */ = {isa = PBXFileReference; explicitFileType = wrapper.application; includeInIndex = 0; path = demos.app; sourceTree = BUILT_PRODUCTS_DIR; };
		3D6DB79C1C570FBE0036B849 /* main.m */ = {isa = PBXFileReference; lastKnownFileType = sourcecode.c.objc; path = main.m; sourceTree = "<group>"; };
		3D6DB79E1C570FBE0036B849 /* AppDelegate.h */ = {isa = PBXFileReference; lastKnownFileType = sourcecode.c.h; path = AppDelegate.h; sourceTree = "<group>"; };
		3D6DB79F1C570FBE0036B849 /* AppDelegate.m */ = {isa = PBXFileReference; lastKnownFileType = sourcecode.c.objc; path = AppDelegate.m; sourceTree = "<group>"; };
		3D6DB7A11C570FBE0036B849 /* ViewController.h */ = {isa = PBXFileReference; lastKnownFileType = sourcecode.c.h; path = ViewController.h; sourceTree = "<group>"; };
		3D6DB7A21C570FBE0036B849 /* ViewController.m */ = {isa = PBXFileReference; lastKnownFileType = sourcecode.c.objc; path = ViewController.m; sourceTree = "<group>"; };
		3D6DB7A51C570FBE0036B849 /* Base */ = {isa = PBXFileReference; lastKnownFileType = file.storyboard; name = Base; path = Base.lproj/Main.storyboard; sourceTree = "<group>"; };
		3D6DB7A81C570FBE0036B849 /* demos.xcdatamodel */ = {isa = PBXFileReference; lastKnownFileType = wrapper.xcdatamodel; path = demos.xcdatamodel; sourceTree = "<group>"; };
		3D6DB7AA1C570FBE0036B849 /* Assets.xcassets */ = {isa = PBXFileReference; lastKnownFileType = folder.assetcatalog; path = Assets.xcassets; sourceTree = "<group>"; };
		3D6DB7AD1C570FBE0036B849 /* Base */ = {isa = PBXFileReference; lastKnownFileType = file.storyboard; name = Base; path = Base.lproj/LaunchScreen.storyboard; sourceTree = "<group>"; };
		3D6DB7AF1C570FBE0036B849 /* Info.plist */ = {isa = PBXFileReference; lastKnownFileType = text.plist.xml; path = Info.plist; sourceTree = "<group>"; };
		3D6DB7B41C570FBE0036B849 /* demosTests.xctest */ = {isa = PBXFileReference; explicitFileType = wrapper.cfbundle; includeInIndex = 0; path = demosTests.xctest; sourceTree = BUILT_PRODUCTS_DIR; };
		3D6DB7B81C570FBE0036B849 /* demosTests.m */ = {isa = PBXFileReference; lastKnownFileType = sourcecode.c.objc; path = demosTests.m; sourceTree = "<group>"; };
		3D6DB7BA1C570FBE0036B849 /* Info.plist */ = {isa = PBXFileReference; lastKnownFileType = text.plist.xml; path = Info.plist; sourceTree = "<group>"; };
		3D6DB7BF1C570FBE0036B849 /* demosUITests.xctest */ = {isa = PBXFileReference; explicitFileType = wrapper.cfbundle; includeInIndex = 0; path = demosUITests.xctest; sourceTree = BUILT_PRODUCTS_DIR; };
		3D6DB7C31C570FBE0036B849 /* demosUITests.m */ = {isa = PBXFileReference; lastKnownFileType = sourcecode.c.objc; path = demosUITests.m; sourceTree = "<group>"; };
		3D6DB7C51C570FBE0036B849 /* Info.plist */ = {isa = PBXFileReference; lastKnownFileType = text.plist.xml; path = Info.plist; sourceTree = "<group>"; };
		3D6DB7D41C5713990036B849 /* list.plist */ = {isa = PBXFileReference; fileEncoding = 4; lastKnownFileType = text.plist.xml; path = list.plist; sourceTree = "<group>"; };
		3D7973E61C6F73F000C37CDC /* NSString+Times.h */ = {isa = PBXFileReference; fileEncoding = 4; lastKnownFileType = sourcecode.c.h; path = "NSString+Times.h"; sourceTree = "<group>"; };
		3D7973E71C6F73F000C37CDC /* NSString+Times.m */ = {isa = PBXFileReference; fileEncoding = 4; lastKnownFileType = sourcecode.c.objc; path = "NSString+Times.m"; sourceTree = "<group>"; };
		3D7973EA1C6F74A300C37CDC /* URL.h */ = {isa = PBXFileReference; fileEncoding = 4; lastKnownFileType = sourcecode.c.h; path = URL.h; sourceTree = "<group>"; };
		3D7973EB1C6F74A300C37CDC /* TOPdata.h */ = {isa = PBXFileReference; fileEncoding = 4; lastKnownFileType = sourcecode.c.h; path = TOPdata.h; sourceTree = "<group>"; };
		3D7973EC1C6F74A300C37CDC /* TOPdata.m */ = {isa = PBXFileReference; fileEncoding = 4; lastKnownFileType = sourcecode.c.objc; path = TOPdata.m; sourceTree = "<group>"; };
		3D7973ED1C6F74A300C37CDC /* NewShowData.h */ = {isa = PBXFileReference; fileEncoding = 4; lastKnownFileType = sourcecode.c.h; path = NewShowData.h; sourceTree = "<group>"; };
		3D7973EE1C6F74A300C37CDC /* NewShowData.m */ = {isa = PBXFileReference; fileEncoding = 4; lastKnownFileType = sourcecode.c.objc; path = NewShowData.m; sourceTree = "<group>"; };
		3D7973EF1C6F74A300C37CDC /* ChanelData.h */ = {isa = PBXFileReference; fileEncoding = 4; lastKnownFileType = sourcecode.c.h; path = ChanelData.h; sourceTree = "<group>"; };
		3D7973F01C6F74A300C37CDC /* ChanelData.m */ = {isa = PBXFileReference; fileEncoding = 4; lastKnownFileType = sourcecode.c.objc; path = ChanelData.m; sourceTree = "<group>"; };
		DFB3AAA80122462477326EF8 /* libPods.a */ = {isa = PBXFileReference; explicitFileType = archive.ar; includeInIndex = 0; path = libPods.a; sourceTree = BUILT_PRODUCTS_DIR; };
		F572AB5ACAC7C365878FED5A /* Pods.debug.xcconfig */ = {isa = PBXFileReference; includeInIndex = 1; lastKnownFileType = text.xcconfig; name = Pods.debug.xcconfig; path = "Pods/Target Support Files/Pods/Pods.debug.xcconfig"; sourceTree = "<group>"; };
/* End PBXFileReference section */

/* Begin PBXFrameworksBuildPhase section */
		3D6DB7951C570FBE0036B849 /* Frameworks */ = {
			isa = PBXFrameworksBuildPhase;
			buildActionMask = 2147483647;
			files = (
				3D4CC8F01C577BCC0091C96D /* MobileCoreServices.framework in Frameworks */,
				CD8E4B0BA120844FDB7BE564 /* libPods.a in Frameworks */,
			);
			runOnlyForDeploymentPostprocessing = 0;
		};
		3D6DB7B11C570FBE0036B849 /* Frameworks */ = {
			isa = PBXFrameworksBuildPhase;
			buildActionMask = 2147483647;
			files = (
			);
			runOnlyForDeploymentPostprocessing = 0;
		};
		3D6DB7BC1C570FBE0036B849 /* Frameworks */ = {
			isa = PBXFrameworksBuildPhase;
			buildActionMask = 2147483647;
			files = (
			);
			runOnlyForDeploymentPostprocessing = 0;
		};
/* End PBXFrameworksBuildPhase section */

/* Begin PBXGroup section */
		3A85BC93208CBA86FB184514 /* Pods */ = {
			isa = PBXGroup;
			children = (
				F572AB5ACAC7C365878FED5A /* Pods.debug.xcconfig */,
				03613AA65C225EA568188C65 /* Pods.release.xcconfig */,
			);
			name = Pods;
			sourceTree = "<group>";
		};
		3D0026F61C572C52001A9B22 /* AboutUser */ = {
			isa = PBXGroup;
			children = (
				3D0026F71C572CBA001A9B22 /* User.h */,
				3D0026F81C572CBA001A9B22 /* User.m */,
				3D61A4C11C57581000AFD3D3 /* MangerUser.h */,
				3D61A4C21C57581000AFD3D3 /* MangerUser.m */,
			);
			path = AboutUser;
			sourceTree = "<group>";
		};
		3D0026FF1C573049001A9B22 /* CustomView */ = {
			isa = PBXGroup;
			children = (
				3D0027011C573136001A9B22 /* ImageCroper */,
			);
			path = CustomView;
			sourceTree = "<group>";
		};
		3D0027011C573136001A9B22 /* ImageCroper */ = {
			isa = PBXGroup;
			children = (
				3D0027021C573146001A9B22 /* VPImageCropperViewController.h */,
				3D0027031C573146001A9B22 /* VPImageCropperViewController.m */,
			);
			path = ImageCroper;
			sourceTree = "<group>";
		};
		3D0027061C5735A7001A9B22 /* Main */ = {
			isa = PBXGroup;
			children = (
				3D0027071C5735B5001A9B22 /* BaseVC.h */,
				3D0027081C5735B5001A9B22 /* BaseVC.m */,
				3D0027091C5735B5001A9B22 /* MainViewController.h */,
				3D00270A1C5735B5001A9B22 /* MainViewController.m */,
			);
			path = Main;
			sourceTree = "<group>";
		};
		3D00270D1C57390B001A9B22 /* Protocols */ = {
			isa = PBXGroup;
			children = (
				3D00270E1C57390B001A9B22 /* MSDynamicsTransDelegate.h */,
				3D00270F1C57390B001A9B22 /* VPImageCropperDelegate.h */,
			);
			path = Protocols;
			sourceTree = "<group>";
		};
		3D0027101C5739C5001A9B22 /* Singletons */ = {
			isa = PBXGroup;
			children = (
				3D0027111C5739F9001A9B22 /* PlistReader.h */,
				3D0027121C5739F9001A9B22 /* PlistReader.m */,
			);
			path = Singletons;
			sourceTree = "<group>";
		};
		3D4CC8F11C577C110091C96D /* Frameworks */ = {
			isa = PBXGroup;
			children = (
				3D4CC8EF1C577BCC0091C96D /* MobileCoreServices.framework */,
				DFB3AAA80122462477326EF8 /* libPods.a */,
			);
			name = Frameworks;
			sourceTree = "<group>";
		};
		3D4CC8F21C5789880091C96D /* Common */ = {
			isa = PBXGroup;
			children = (
				3D4CC8F31C5789A70091C96D /* NetWorker.h */,
				3D4CC8F41C5789A70091C96D /* NetWorker.m */,
				3D4CC8F61C5794D70091C96D /* ColorTool.h */,
				3D4CC8F71C5794D70091C96D /* ColorTool.m */,
				3D4CC8F91C5799780091C96D /* ImageTool.h */,
				3D4CC8FA1C5799780091C96D /* ImageTool.m */,
			);
			path = Common;
			sourceTree = "<group>";
		};
		3D4FEFB61C61B0250066E28D /* TestMemoryManagement */ = {
			isa = PBXGroup;
			children = (
				3D4FEFB71C61B0430066E28D /* TestRetainCycle.h */,
				3D4FEFB81C61B0430066E28D /* TestRetainCycle.m */,
				3D4FEFBE1C620DED0066E28D /* NSArray+Dealloc.h */,
				3D4FEFBF1C620DED0066E28D /* NSArray+Dealloc.m */,
			);
			path = TestMemoryManagement;
			sourceTree = "<group>";
		};
		3D4FEFC11C6A2ED70066E28D /* DrawerViewController */ = {
			isa = PBXGroup;
			children = (
				3D4FEFDC1C6BAF6E0066E28D /* ViewControllers */,
				3D4FEFD81C6A33270066E28D /* Navigation */,
				3D4FEFCB1C6A2F130066E28D /* View */,
				3D4FEFC21C6A2EE80066E28D /* LeftMenuViewController.h */,
				3D4FEFC31C6A2EE80066E28D /* LeftMenuViewController.m */,
				3D4FEFC41C6A2EE80066E28D /* DrawerStylers.h */,
				3D4FEFC51C6A2EE80066E28D /* DrawerStylers.m */,
				3D4FEFC61C6A2EE80066E28D /* DrawerViewController.h */,
				3D4FEFC71C6A2EE80066E28D /* DrawerViewController.m */,
			);
			path = DrawerViewController;
			sourceTree = "<group>";
		};
		3D4FEFCB1C6A2F130066E28D /* View */ = {
			isa = PBXGroup;
			children = (
				3D4FEFCC1C6A2F4D0066E28D /* LeftMenuTableViewHeader.h */,
				3D4FEFCD1C6A2F4D0066E28D /* LeftMenuTableViewHeader.m */,
				3D4FEFCE1C6A2F4D0066E28D /* LeftMenuTableViewFooter.h */,
				3D4FEFCF1C6A2F4D0066E28D /* LeftMenuTableViewFooter.m */,
				3D4FEFD01C6A2F4D0066E28D /* LeftMenuTableViewCell.h */,
				3D4FEFD11C6A2F4D0066E28D /* LeftMenuTableViewCell.m */,
				3D4FEFD21C6A2F4D0066E28D /* LeftMenu.h */,
				3D4FEFD31C6A2F4D0066E28D /* LeftMenu.m */,
			);
			path = View;
			sourceTree = "<group>";
		};
		3D4FEFD81C6A33270066E28D /* Navigation */ = {
			isa = PBXGroup;
			children = (
				3D4FEFD91C6A344A0066E28D /* IWNavigationController.h */,
				3D4FEFDA1C6A344A0066E28D /* IWNavigationController.m */,
			);
			path = Navigation;
			sourceTree = "<group>";
		};
		3D4FEFDC1C6BAF6E0066E28D /* ViewControllers */ = {
			isa = PBXGroup;
			children = (
				3D7973E91C6F749600C37CDC /* Model */,
				3D7973E51C6F73B600C37CDC /* Custom */,
				3D4FEFDD1C6BAFF10066E28D /* ViewController1.h */,
				3D4FEFDE1C6BAFF10066E28D /* ViewController1.m */,
				3D4FEFE01C6BB2AD0066E28D /* ViewController2.h */,
				3D4FEFE11C6BB2AD0066E28D /* ViewController2.m */,
				3D4FEFE31C6BB2BF0066E28D /* ViewController3.h */,
				3D4FEFE41C6BB2BF0066E28D /* ViewController3.m */,
				3D4FEFE61C6BB2CE0066E28D /* ViewController4.h */,
				3D4FEFE71C6BB2CE0066E28D /* ViewController4.m */,
				3D4FEFE91C6BB2DE0066E28D /* ViewController5.h */,
				3D4FEFEA1C6BB2DE0066E28D /* ViewController5.m */,
				3D4FEFEC1C6BB2F60066E28D /* ViewController6.h */,
				3D4FEFED1C6BB2F60066E28D /* ViewController6.m */,
				3D4FEFEF1C6BB3070066E28D /* ViewController7.h */,
				3D4FEFF01C6BB3070066E28D /* ViewController7.m */,
				3D4FEFF21C6BB31C0066E28D /* ViewController8.h */,
				3D4FEFF31C6BB31C0066E28D /* ViewController8.m */,
				3D4FEFF51C6BB33A0066E28D /* ViewController9.h */,
				3D4FEFF61C6BB33A0066E28D /* ViewController9.m */,
			);
			path = ViewControllers;
			sourceTree = "<group>";
		};
		3D6DB78F1C570FBE0036B849 = {
			isa = PBXGroup;
			children = (
				3D6DB79A1C570FBE0036B849 /* demos */,
				3D6DB7B71C570FBE0036B849 /* demosTests */,
				3D6DB7C21C570FBE0036B849 /* demosUITests */,
				3D4CC8F11C577C110091C96D /* Frameworks */,
				3D6DB7991C570FBE0036B849 /* Products */,
				3A85BC93208CBA86FB184514 /* Pods */,
			);
			sourceTree = "<group>";
		};
		3D6DB7991C570FBE0036B849 /* Products */ = {
			isa = PBXGroup;
			children = (
				3D6DB7981C570FBE0036B849 /* demos.app */,
				3D6DB7B41C570FBE0036B849 /* demosTests.xctest */,
				3D6DB7BF1C570FBE0036B849 /* demosUITests.xctest */,
			);
			name = Products;
			sourceTree = "<group>";
		};
		3D6DB79A1C570FBE0036B849 /* demos */ = {
			isa = PBXGroup;
			children = (
				3D4FEFC11C6A2ED70066E28D /* DrawerViewController */,
				3D4FEFB61C61B0250066E28D /* TestMemoryManagement */,
				3D4CC8F21C5789880091C96D /* Common */,
				3D0027101C5739C5001A9B22 /* Singletons */,
				3D00270D1C57390B001A9B22 /* Protocols */,
				3D0027061C5735A7001A9B22 /* Main */,
				3D0026FF1C573049001A9B22 /* CustomView */,
				3D0026F61C572C52001A9B22 /* AboutUser */,
				3D6DB79E1C570FBE0036B849 /* AppDelegate.h */,
				3D6DB79F1C570FBE0036B849 /* AppDelegate.m */,
				3D6DB7A11C570FBE0036B849 /* ViewController.h */,
				3D6DB7A21C570FBE0036B849 /* ViewController.m */,
				3D34B5D11C57DC6C00A258DE /* FirstViewController.h */,
				3D34B5D21C57DC6C00A258DE /* FirstViewController.m */,
				3D34B5D71C57DC9200A258DE /* SecondViewController.h */,
				3D34B5D81C57DC9200A258DE /* SecondViewController.m */,
				3D34B5D41C57DC8600A258DE /* ThirdViewController.h */,
				3D34B5D51C57DC8600A258DE /* ThirdViewController.m */,
				3D6DB7A41C570FBE0036B849 /* Main.storyboard */,
				3D6DB79B1C570FBE0036B849 /* Supporting Files */,
			);
			path = demos;
			sourceTree = "<group>";
		};
		3D6DB79B1C570FBE0036B849 /* Supporting Files */ = {
			isa = PBXGroup;
			children = (
				3D6DB7AC1C570FBE0036B849 /* LaunchScreen.storyboard */,
				3D6DB7AA1C570FBE0036B849 /* Assets.xcassets */,
				3D6DB7A71C570FBE0036B849 /* demos.xcdatamodeld */,
				3D6DB7AF1C570FBE0036B849 /* Info.plist */,
				3D6DB7D41C5713990036B849 /* list.plist */,
				3D6DB79C1C570FBE0036B849 /* main.m */,
				3D0026F51C572960001A9B22 /* APIConstant.h */,
			);
			name = "Supporting Files";
			sourceTree = "<group>";
		};
		3D6DB7B71C570FBE0036B849 /* demosTests */ = {
			isa = PBXGroup;
			children = (
				3D6DB7B81C570FBE0036B849 /* demosTests.m */,
				3D6DB7BA1C570FBE0036B849 /* Info.plist */,
			);
			path = demosTests;
			sourceTree = "<group>";
		};
		3D6DB7C21C570FBE0036B849 /* demosUITests */ = {
			isa = PBXGroup;
			children = (
				3D6DB7C31C570FBE0036B849 /* demosUITests.m */,
				3D6DB7C51C570FBE0036B849 /* Info.plist */,
			);
			path = demosUITests;
			sourceTree = "<group>";
		};
		3D7973E51C6F73B600C37CDC /* Custom */ = {
			isa = PBXGroup;
			children = (
				3D7973E61C6F73F000C37CDC /* NSString+Times.h */,
				3D7973E71C6F73F000C37CDC /* NSString+Times.m */,
			);
			path = Custom;
			sourceTree = "<group>";
		};
		3D7973E91C6F749600C37CDC /* Model */ = {
			isa = PBXGroup;
			children = (
				3D7973EA1C6F74A300C37CDC /* URL.h */,
				3D7973EB1C6F74A300C37CDC /* TOPdata.h */,
				3D7973EC1C6F74A300C37CDC /* TOPdata.m */,
				3D7973ED1C6F74A300C37CDC /* NewShowData.h */,
				3D7973EE1C6F74A300C37CDC /* NewShowData.m */,
				3D7973EF1C6F74A300C37CDC /* ChanelData.h */,
				3D7973F01C6F74A300C37CDC /* ChanelData.m */,
			);
			path = Model;
			sourceTree = "<group>";
		};
/* End PBXGroup section */

/* Begin PBXNativeTarget section */
		3D6DB7971C570FBE0036B849 /* demos */ = {
			isa = PBXNativeTarget;
			buildConfigurationList = 3D6DB7C81C570FBE0036B849 /* Build configuration list for PBXNativeTarget "demos" */;
			buildPhases = (
				5C359AA7D1B1BE7063EE2405 /* Check Pods Manifest.lock */,
				3D6DB7941C570FBE0036B849 /* Sources */,
				3D6DB7951C570FBE0036B849 /* Frameworks */,
				3D6DB7961C570FBE0036B849 /* Resources */,
				364E1530675118776BB445FE /* Embed Pods Frameworks */,
				EE9D91E96E9AED70510B62FD /* Copy Pods Resources */,
			);
			buildRules = (
			);
			dependencies = (
			);
			name = demos;
			productName = demos;
			productReference = 3D6DB7981C570FBE0036B849 /* demos.app */;
			productType = "com.apple.product-type.application";
		};
		3D6DB7B31C570FBE0036B849 /* demosTests */ = {
			isa = PBXNativeTarget;
			buildConfigurationList = 3D6DB7CB1C570FBE0036B849 /* Build configuration list for PBXNativeTarget "demosTests" */;
			buildPhases = (
				3D6DB7B01C570FBE0036B849 /* Sources */,
				3D6DB7B11C570FBE0036B849 /* Frameworks */,
				3D6DB7B21C570FBE0036B849 /* Resources */,
			);
			buildRules = (
			);
			dependencies = (
				3D6DB7B61C570FBE0036B849 /* PBXTargetDependency */,
			);
			name = demosTests;
			productName = demosTests;
			productReference = 3D6DB7B41C570FBE0036B849 /* demosTests.xctest */;
			productType = "com.apple.product-type.bundle.unit-test";
		};
		3D6DB7BE1C570FBE0036B849 /* demosUITests */ = {
			isa = PBXNativeTarget;
			buildConfigurationList = 3D6DB7CE1C570FBE0036B849 /* Build configuration list for PBXNativeTarget "demosUITests" */;
			buildPhases = (
				3D6DB7BB1C570FBE0036B849 /* Sources */,
				3D6DB7BC1C570FBE0036B849 /* Frameworks */,
				3D6DB7BD1C570FBE0036B849 /* Resources */,
			);
			buildRules = (
			);
			dependencies = (
				3D6DB7C11C570FBE0036B849 /* PBXTargetDependency */,
			);
			name = demosUITests;
			productName = demosUITests;
			productReference = 3D6DB7BF1C570FBE0036B849 /* demosUITests.xctest */;
			productType = "com.apple.product-type.bundle.ui-testing";
		};
/* End PBXNativeTarget section */

/* Begin PBXProject section */
		3D6DB7901C570FBE0036B849 /* Project object */ = {
			isa = PBXProject;
			attributes = {
				LastUpgradeCheck = 0700;
				ORGANIZATIONNAME = kang;
				TargetAttributes = {
					3D6DB7971C570FBE0036B849 = {
						CreatedOnToolsVersion = 7.0.1;
					};
					3D6DB7B31C570FBE0036B849 = {
						CreatedOnToolsVersion = 7.0.1;
						TestTargetID = 3D6DB7971C570FBE0036B849;
					};
					3D6DB7BE1C570FBE0036B849 = {
						CreatedOnToolsVersion = 7.0.1;
						TestTargetID = 3D6DB7971C570FBE0036B849;
					};
				};
			};
			buildConfigurationList = 3D6DB7931C570FBE0036B849 /* Build configuration list for PBXProject "demos" */;
			compatibilityVersion = "Xcode 3.2";
			developmentRegion = English;
			hasScannedForEncodings = 0;
			knownRegions = (
				en,
				Base,
			);
			mainGroup = 3D6DB78F1C570FBE0036B849;
			productRefGroup = 3D6DB7991C570FBE0036B849 /* Products */;
			projectDirPath = "";
			projectRoot = "";
			targets = (
				3D6DB7971C570FBE0036B849 /* demos */,
				3D6DB7B31C570FBE0036B849 /* demosTests */,
				3D6DB7BE1C570FBE0036B849 /* demosUITests */,
			);
		};
/* End PBXProject section */

/* Begin PBXResourcesBuildPhase section */
		3D6DB7961C570FBE0036B849 /* Resources */ = {
			isa = PBXResourcesBuildPhase;
			buildActionMask = 2147483647;
			files = (
				3D6DB7D51C5713990036B849 /* list.plist in Resources */,
				3D6DB7AE1C570FBE0036B849 /* LaunchScreen.storyboard in Resources */,
				3D6DB7AB1C570FBE0036B849 /* Assets.xcassets in Resources */,
				3D6DB7A61C570FBE0036B849 /* Main.storyboard in Resources */,
			);
			runOnlyForDeploymentPostprocessing = 0;
		};
		3D6DB7B21C570FBE0036B849 /* Resources */ = {
			isa = PBXResourcesBuildPhase;
			buildActionMask = 2147483647;
			files = (
			);
			runOnlyForDeploymentPostprocessing = 0;
		};
		3D6DB7BD1C570FBE0036B849 /* Resources */ = {
			isa = PBXResourcesBuildPhase;
			buildActionMask = 2147483647;
			files = (
			);
			runOnlyForDeploymentPostprocessing = 0;
		};
/* End PBXResourcesBuildPhase section */

/* Begin PBXShellScriptBuildPhase section */
		364E1530675118776BB445FE /* Embed Pods Frameworks */ = {
			isa = PBXShellScriptBuildPhase;
			buildActionMask = 2147483647;
			files = (
			);
			inputPaths = (
			);
			name = "Embed Pods Frameworks";
			outputPaths = (
			);
			runOnlyForDeploymentPostprocessing = 0;
			shellPath = /bin/sh;
			shellScript = "\"${SRCROOT}/Pods/Target Support Files/Pods/Pods-frameworks.sh\"\n";
			showEnvVarsInLog = 0;
		};
		5C359AA7D1B1BE7063EE2405 /* Check Pods Manifest.lock */ = {
			isa = PBXShellScriptBuildPhase;
			buildActionMask = 2147483647;
			files = (
			);
			inputPaths = (
			);
			name = "Check Pods Manifest.lock";
			outputPaths = (
			);
			runOnlyForDeploymentPostprocessing = 0;
			shellPath = /bin/sh;
			shellScript = "diff \"${PODS_ROOT}/../Podfile.lock\" \"${PODS_ROOT}/Manifest.lock\" > /dev/null\nif [[ $? != 0 ]] ; then\n    cat << EOM\nerror: The sandbox is not in sync with the Podfile.lock. Run 'pod install' or update your CocoaPods installation.\nEOM\n    exit 1\nfi\n";
			showEnvVarsInLog = 0;
		};
		EE9D91E96E9AED70510B62FD /* Copy Pods Resources */ = {
			isa = PBXShellScriptBuildPhase;
			buildActionMask = 2147483647;
			files = (
			);
			inputPaths = (
			);
			name = "Copy Pods Resources";
			outputPaths = (
			);
			runOnlyForDeploymentPostprocessing = 0;
			shellPath = /bin/sh;
			shellScript = "\"${SRCROOT}/Pods/Target Support Files/Pods/Pods-resources.sh\"\n";
			showEnvVarsInLog = 0;
		};
/* End PBXShellScriptBuildPhase section */

/* Begin PBXSourcesBuildPhase section */
		3D6DB7941C570FBE0036B849 /* Sources */ = {
			isa = PBXSourcesBuildPhase;
			buildActionMask = 2147483647;
			files = (
				3D7973F31C6F74A300C37CDC /* ChanelData.m in Sources */,
				3D4CC8FB1C5799780091C96D /* ImageTool.m in Sources */,
				3D4FEFEE1C6BB2F60066E28D /* ViewController6.m in Sources */,
				3D6DB7A31C570FBE0036B849 /* ViewController.m in Sources */,
				3D4CC8F81C5794D70091C96D /* ColorTool.m in Sources */,
				3D4FEFB91C61B0430066E28D /* TestRetainCycle.m in Sources */,
				3D4FEFF11C6BB3070066E28D /* ViewController7.m in Sources */,
				3D4FEFD41C6A2F4D0066E28D /* LeftMenuTableViewHeader.m in Sources */,
				3D6DB7A01C570FBE0036B849 /* AppDelegate.m in Sources */,
				3D0026F91C572CBA001A9B22 /* User.m in Sources */,
				3D4FEFD51C6A2F4D0066E28D /* LeftMenuTableViewFooter.m in Sources */,
				3D7973F11C6F74A300C37CDC /* TOPdata.m in Sources */,
				3D00270C1C5735B5001A9B22 /* MainViewController.m in Sources */,
				3D4CC8F51C5789A70091C96D /* NetWorker.m in Sources */,
				3D4FEFD71C6A2F4D0066E28D /* LeftMenu.m in Sources */,
				3D4FEFEB1C6BB2DE0066E28D /* ViewController5.m in Sources */,
				3D4FEFE81C6BB2CE0066E28D /* ViewController4.m in Sources */,
				3D34B5D91C57DC9300A258DE /* SecondViewController.m in Sources */,
				3D4FEFC91C6A2EE80066E28D /* DrawerStylers.m in Sources */,
				3D4FEFE51C6BB2BF0066E28D /* ViewController3.m in Sources */,
				3D6DB7A91C570FBE0036B849 /* demos.xcdatamodeld in Sources */,
				3D4FEFF41C6BB31C0066E28D /* ViewController8.m in Sources */,
				3D4FEFD61C6A2F4D0066E28D /* LeftMenuTableViewCell.m in Sources */,
				3D4FEFF71C6BB33A0066E28D /* ViewController9.m in Sources */,
				3D0027041C573146001A9B22 /* VPImageCropperViewController.m in Sources */,
				3D34B5D31C57DC6C00A258DE /* FirstViewController.m in Sources */,
				3D7973E81C6F73F000C37CDC /* NSString+Times.m in Sources */,
				3D4FEFDF1C6BAFF10066E28D /* ViewController1.m in Sources */,
				3D4FEFDB1C6A344A0066E28D /* IWNavigationController.m in Sources */,
				3D61A4C31C57581000AFD3D3 /* MangerUser.m in Sources */,
				3D34B5D61C57DC8600A258DE /* ThirdViewController.m in Sources */,
				3D4FEFE21C6BB2AD0066E28D /* ViewController2.m in Sources */,
				3D4FEFC01C620DED0066E28D /* NSArray+Dealloc.m in Sources */,
				3D0027131C5739F9001A9B22 /* PlistReader.m in Sources */,
				3D00270B1C5735B5001A9B22 /* BaseVC.m in Sources */,
				3D4FEFCA1C6A2EE80066E28D /* DrawerViewController.m in Sources */,
				3D7973F21C6F74A300C37CDC /* NewShowData.m in Sources */,
				3D6DB79D1C570FBE0036B849 /* main.m in Sources */,
				3D4FEFC81C6A2EE80066E28D /* LeftMenuViewController.m in Sources */,
			);
			runOnlyForDeploymentPostprocessing = 0;
		};
		3D6DB7B01C570FBE0036B849 /* Sources */ = {
			isa = PBXSourcesBuildPhase;
			buildActionMask = 2147483647;
			files = (
				3D6DB7B91C570FBE0036B849 /* demosTests.m in Sources */,
			);
			runOnlyForDeploymentPostprocessing = 0;
		};
		3D6DB7BB1C570FBE0036B849 /* Sources */ = {
			isa = PBXSourcesBuildPhase;
			buildActionMask = 2147483647;
			files = (
				3D6DB7C41C570FBE0036B849 /* demosUITests.m in Sources */,
			);
			runOnlyForDeploymentPostprocessing = 0;
		};
/* End PBXSourcesBuildPhase section */

/* Begin PBXTargetDependency section */
		3D6DB7B61C570FBE0036B849 /* PBXTargetDependency */ = {
			isa = PBXTargetDependency;
			target = 3D6DB7971C570FBE0036B849 /* demos */;
			targetProxy = 3D6DB7B51C570FBE0036B849 /* PBXContainerItemProxy */;
		};
		3D6DB7C11C570FBE0036B849 /* PBXTargetDependency */ = {
			isa = PBXTargetDependency;
			target = 3D6DB7971C570FBE0036B849 /* demos */;
			targetProxy = 3D6DB7C01C570FBE0036B849 /* PBXContainerItemProxy */;
		};
/* End PBXTargetDependency section */

/* Begin PBXVariantGroup section */
		3D6DB7A41C570FBE0036B849 /* Main.storyboard */ = {
			isa = PBXVariantGroup;
			children = (
				3D6DB7A51C570FBE0036B849 /* Base */,
			);
			name = Main.storyboard;
			sourceTree = "<group>";
		};
		3D6DB7AC1C570FBE0036B849 /* LaunchScreen.storyboard */ = {
			isa = PBXVariantGroup;
			children = (
				3D6DB7AD1C570FBE0036B849 /* Base */,
			);
			name = LaunchScreen.storyboard;
			sourceTree = "<group>";
		};
/* End PBXVariantGroup section */

/* Begin XCBuildConfiguration section */
		3D6DB7C61C570FBE0036B849 /* Debug */ = {
			isa = XCBuildConfiguration;
			buildSettings = {
				ALWAYS_SEARCH_USER_PATHS = NO;
				CLANG_CXX_LANGUAGE_STANDARD = "gnu++0x";
				CLANG_CXX_LIBRARY = "libc++";
				CLANG_ENABLE_MODULES = YES;
				CLANG_ENABLE_OBJC_ARC = YES;
				CLANG_WARN_BOOL_CONVERSION = YES;
				CLANG_WARN_CONSTANT_CONVERSION = YES;
				CLANG_WARN_DIRECT_OBJC_ISA_USAGE = YES_ERROR;
				CLANG_WARN_EMPTY_BODY = YES;
				CLANG_WARN_ENUM_CONVERSION = YES;
				CLANG_WARN_INT_CONVERSION = YES;
				CLANG_WARN_OBJC_ROOT_CLASS = YES_ERROR;
				CLANG_WARN_UNREACHABLE_CODE = YES;
				CLANG_WARN__DUPLICATE_METHOD_MATCH = YES;
				"CODE_SIGN_IDENTITY[sdk=iphoneos*]" = "iPhone Developer";
				COPY_PHASE_STRIP = NO;
				DEBUG_INFORMATION_FORMAT = dwarf;
				ENABLE_STRICT_OBJC_MSGSEND = YES;
				ENABLE_TESTABILITY = YES;
				GCC_C_LANGUAGE_STANDARD = gnu99;
				GCC_DYNAMIC_NO_PIC = NO;
				GCC_NO_COMMON_BLOCKS = YES;
				GCC_OPTIMIZATION_LEVEL = 0;
				GCC_PREPROCESSOR_DEFINITIONS = (
					"DEBUG=1",
					"$(inherited)",
				);
				GCC_WARN_64_TO_32_BIT_CONVERSION = YES;
				GCC_WARN_ABOUT_RETURN_TYPE = YES_ERROR;
				GCC_WARN_UNDECLARED_SELECTOR = YES;
				GCC_WARN_UNINITIALIZED_AUTOS = YES_AGGRESSIVE;
				GCC_WARN_UNUSED_FUNCTION = YES;
				GCC_WARN_UNUSED_VARIABLE = YES;
				IPHONEOS_DEPLOYMENT_TARGET = 9.0;
				MTL_ENABLE_DEBUG_INFO = YES;
				ONLY_ACTIVE_ARCH = YES;
				SDKROOT = iphoneos;
				TARGETED_DEVICE_FAMILY = "1,2";
			};
			name = Debug;
		};
		3D6DB7C71C570FBE0036B849 /* Release */ = {
			isa = XCBuildConfiguration;
			buildSettings = {
				ALWAYS_SEARCH_USER_PATHS = NO;
				CLANG_CXX_LANGUAGE_STANDARD = "gnu++0x";
				CLANG_CXX_LIBRARY = "libc++";
				CLANG_ENABLE_MODULES = YES;
				CLANG_ENABLE_OBJC_ARC = YES;
				CLANG_WARN_BOOL_CONVERSION = YES;
				CLANG_WARN_CONSTANT_CONVERSION = YES;
				CLANG_WARN_DIRECT_OBJC_ISA_USAGE = YES_ERROR;
				CLANG_WARN_EMPTY_BODY = YES;
				CLANG_WARN_ENUM_CONVERSION = YES;
				CLANG_WARN_INT_CONVERSION = YES;
				CLANG_WARN_OBJC_ROOT_CLASS = YES_ERROR;
				CLANG_WARN_UNREACHABLE_CODE = YES;
				CLANG_WARN__DUPLICATE_METHOD_MATCH = YES;
				"CODE_SIGN_IDENTITY[sdk=iphoneos*]" = "iPhone Developer";
				COPY_PHASE_STRIP = NO;
				DEBUG_INFORMATION_FORMAT = "dwarf-with-dsym";
				ENABLE_NS_ASSERTIONS = NO;
				ENABLE_STRICT_OBJC_MSGSEND = YES;
				GCC_C_LANGUAGE_STANDARD = gnu99;
				GCC_NO_COMMON_BLOCKS = YES;
				GCC_WARN_64_TO_32_BIT_CONVERSION = YES;
				GCC_WARN_ABOUT_RETURN_TYPE = YES_ERROR;
				GCC_WARN_UNDECLARED_SELECTOR = YES;
				GCC_WARN_UNINITIALIZED_AUTOS = YES_AGGRESSIVE;
				GCC_WARN_UNUSED_FUNCTION = YES;
				GCC_WARN_UNUSED_VARIABLE = YES;
				IPHONEOS_DEPLOYMENT_TARGET = 9.0;
				MTL_ENABLE_DEBUG_INFO = NO;
				SDKROOT = iphoneos;
				TARGETED_DEVICE_FAMILY = "1,2";
				VALIDATE_PRODUCT = YES;
			};
			name = Release;
		};
		3D6DB7C91C570FBE0036B849 /* Debug */ = {
			isa = XCBuildConfiguration;
			baseConfigurationReference = F572AB5ACAC7C365878FED5A /* Pods.debug.xcconfig */;
			buildSettings = {
				ASSETCATALOG_COMPILER_APPICON_NAME = AppIcon;
				FRAMEWORK_SEARCH_PATHS = "";
				INFOPLIST_FILE = demos/Info.plist;
				IPHONEOS_DEPLOYMENT_TARGET = 8.0;
				LD_RUNPATH_SEARCH_PATHS = "$(inherited) @executable_path/Frameworks";
				PRODUCT_BUNDLE_IDENTIFIER = www.kang.com.demos;
				PRODUCT_NAME = "$(TARGET_NAME)";
				USER_HEADER_SEARCH_PATHS = "$(PODS_ROOT)/**";
			};
			name = Debug;
		};
		3D6DB7CA1C570FBE0036B849 /* Release */ = {
			isa = XCBuildConfiguration;
			baseConfigurationReference = 03613AA65C225EA568188C65 /* Pods.release.xcconfig */;
			buildSettings = {
				ASSETCATALOG_COMPILER_APPICON_NAME = AppIcon;
				FRAMEWORK_SEARCH_PATHS = "";
				INFOPLIST_FILE = demos/Info.plist;
				IPHONEOS_DEPLOYMENT_TARGET = 8.0;
				LD_RUNPATH_SEARCH_PATHS = "$(inherited) @executable_path/Frameworks";
				PRODUCT_BUNDLE_IDENTIFIER = www.kang.com.demos;
				PRODUCT_NAME = "$(TARGET_NAME)";
				USER_HEADER_SEARCH_PATHS = "$(PODS_ROOT)/**";
			};
			name = Release;
		};
		3D6DB7CC1C570FBE0036B849 /* Debug */ = {
			isa = XCBuildConfiguration;
			buildSettings = {
				BUNDLE_LOADER = "$(TEST_HOST)";
				INFOPLIST_FILE = demosTests/Info.plist;
				LD_RUNPATH_SEARCH_PATHS = "$(inherited) @executable_path/Frameworks @loader_path/Frameworks";
				PRODUCT_BUNDLE_IDENTIFIER = www.kang.com.demosTests;
				PRODUCT_NAME = "$(TARGET_NAME)";
				TEST_HOST = "$(BUILT_PRODUCTS_DIR)/demos.app/demos";
			};
			name = Debug;
		};
		3D6DB7CD1C570FBE0036B849 /* Release */ = {
			isa = XCBuildConfiguration;
			buildSettings = {
				BUNDLE_LOADER = "$(TEST_HOST)";
				INFOPLIST_FILE = demosTests/Info.plist;
				LD_RUNPATH_SEARCH_PATHS = "$(inherited) @executable_path/Frameworks @loader_path/Frameworks";
				PRODUCT_BUNDLE_IDENTIFIER = www.kang.com.demosTests;
				PRODUCT_NAME = "$(TARGET_NAME)";
				TEST_HOST = "$(BUILT_PRODUCTS_DIR)/demos.app/demos";
			};
			name = Release;
		};
		3D6DB7CF1C570FBE0036B849 /* Debug */ = {
			isa = XCBuildConfiguration;
			buildSettings = {
				INFOPLIST_FILE = demosUITests/Info.plist;
				LD_RUNPATH_SEARCH_PATHS = "$(inherited) @executable_path/Frameworks @loader_path/Frameworks";
				PRODUCT_BUNDLE_IDENTIFIER = www.kang.com.demosUITests;
				PRODUCT_NAME = "$(TARGET_NAME)";
				TEST_TARGET_NAME = demos;
				USES_XCTRUNNER = YES;
			};
			name = Debug;
		};
		3D6DB7D01C570FBE0036B849 /* Release */ = {
			isa = XCBuildConfiguration;
			buildSettings = {
				INFOPLIST_FILE = demosUITests/Info.plist;
				LD_RUNPATH_SEARCH_PATHS = "$(inherited) @executable_path/Frameworks @loader_path/Frameworks";
				PRODUCT_BUNDLE_IDENTIFIER = www.kang.com.demosUITests;
				PRODUCT_NAME = "$(TARGET_NAME)";
				TEST_TARGET_NAME = demos;
				USES_XCTRUNNER = YES;
			};
			name = Release;
		};
/* End XCBuildConfiguration section */

/* Begin XCConfigurationList section */
		3D6DB7931C570FBE0036B849 /* Build configuration list for PBXProject "demos" */ = {
			isa = XCConfigurationList;
			buildConfigurations = (
				3D6DB7C61C570FBE0036B849 /* Debug */,
				3D6DB7C71C570FBE0036B849 /* Release */,
			);
			defaultConfigurationIsVisible = 0;
			defaultConfigurationName = Release;
		};
		3D6DB7C81C570FBE0036B849 /* Build configuration list for PBXNativeTarget "demos" */ = {
			isa = XCConfigurationList;
			buildConfigurations = (
				3D6DB7C91C570FBE0036B849 /* Debug */,
				3D6DB7CA1C570FBE0036B849 /* Release */,
			);
			defaultConfigurationIsVisible = 0;
			defaultConfigurationName = Release;
		};
		3D6DB7CB1C570FBE0036B849 /* Build configuration list for PBXNativeTarget "demosTests" */ = {
			isa = XCConfigurationList;
			buildConfigurations = (
				3D6DB7CC1C570FBE0036B849 /* Debug */,
				3D6DB7CD1C570FBE0036B849 /* Release */,
			);
			defaultConfigurationIsVisible = 0;
			defaultConfigurationName = Release;
		};
		3D6DB7CE1C570FBE0036B849 /* Build configuration list for PBXNativeTarget "demosUITests" */ = {
			isa = XCConfigurationList;
			buildConfigurations = (
				3D6DB7CF1C570FBE0036B849 /* Debug */,
				3D6DB7D01C570FBE0036B849 /* Release */,
			);
			defaultConfigurationIsVisible = 0;
			defaultConfigurationName = Release;
		};
/* End XCConfigurationList section */

/* Begin XCVersionGroup section */
		3D6DB7A71C570FBE0036B849 /* demos.xcdatamodeld */ = {
			isa = XCVersionGroup;
			children = (
				3D6DB7A81C570FBE0036B849 /* demos.xcdatamodel */,
			);
			currentVersion = 3D6DB7A81C570FBE0036B849 /* demos.xcdatamodel */;
			path = demos.xcdatamodeld;
			sourceTree = "<group>";
			versionGroupType = wrapper.xcdatamodel;
		};
/* End XCVersionGroup section */
	};
	rootObject = 3D6DB7901C570FBE0036B849 /* Project object */;
}
